
Microsoft Visual Studio Solution File, Format Version 12.00
# Visual Studio Version 17
VisualStudioVersion = 17.13.35818.85 d17.13
MinimumVisualStudioVersion = 10.0.40219.1
Project("{FAE04EC0-301F-11D3-BF4B-00C04F79EFBC}") = "JWTIdentityApi", "JWTIdentityApi\JWTIdentityApi.csproj", "{B8AD136E-5FC1-4BDF-83A6-C89D41460148}"
EndProject
Global
	GlobalSection(SolutionConfigurationPlatforms) = preSolution
		Debug|Any CPU = Debug|Any CPU
		Release|Any CPU = Release|Any CPU
	EndGlobalSection
	GlobalSection(ProjectConfigurationPlatforms) = postSolution
		{B8AD136E-5FC1-4BDF-83A6-C89D41460148}.Debug|Any CPU.ActiveCfg = Debug|Any CPU
		{B8AD136E-5FC1-4BDF-83A6-C89D41460148}.Debug|Any CPU.Build.0 = Debug|Any CPU
		{B8AD136E-5FC1-4BDF-83A6-C89D41460148}.Release|Any CPU.ActiveCfg = Release|Any CPU
		{B8AD136E-5FC1-4BDF-83A6-C89D41460148}.Release|Any CPU.Build.0 = Release|Any CPU
	EndGlobalSection
	GlobalSection(SolutionProperties) = preSolution
		HideSolutionNode = FALSE
	EndGlobalSection
	GlobalSection(ExtensibilityGlobals) = postSolution
		SolutionGuid = {B1FE43FE-553C-49F8-A6D9-1A15FAA27CF4}
	EndGlobalSection
EndGlobal
